
Microsoft Visual Studio Solution File, Format Version 12.00
# Visual Studio Version 16
VisualStudioVersion = 16.0.29806.167
MinimumVisualStudioVersion = 10.0.40219.1
Project("{FAE04EC0-301F-11D3-BF4B-00C04F79EFBC}") = "GiftreteMobileApp", "GiftreteMobileApp.csproj", "{F6E9329B-C52C-48AC-872A-E8BD39235985}"
EndProject
Global
	GlobalSection(SolutionConfigurationPlatforms) = preSolution
		Debug|Any CPU = Debug|Any CPU
		Release|Any CPU = Release|Any CPU
	EndGlobalSection
	GlobalSection(ProjectConfigurationPlatforms) = postSolution
		{F6E9329B-C52C-48AC-872A-E8BD39235985}.Debug|Any CPU.ActiveCfg = Debug|Any CPU
		{F6E9329B-C52C-48AC-872A-E8BD39235985}.Debug|Any CPU.Build.0 = Debug|Any CPU
		{F6E9329B-C52C-48AC-872A-E8BD39235985}.Release|Any CPU.ActiveCfg = Release|Any CPU
		{F6E9329B-C52C-48AC-872A-E8BD39235985}.Release|Any CPU.Build.0 = Release|Any CPU
	EndGlobalSection
	GlobalSection(SolutionProperties) = preSolution
		HideSolutionNode = FALSE
	EndGlobalSection
	GlobalSection(ExtensibilityGlobals) = postSolution
		SolutionGuid = {4884C3D8-3D9F-4928-A1AC-96AAEEA52171}
	EndGlobalSection
EndGlobal
